PODS:
  - BlocksKit (2.2.5):
    - BlocksKit/All (= 2.2.5)
  - BlocksKit/All (2.2.5):
    - BlocksKit/Core
    - BlocksKit/DynamicDelegate
    - BlocksKit/MessageUI
    - BlocksKit/UIKit
  - BlocksKit/Core (2.2.5)
  - BlocksKit/DynamicDelegate (2.2.5)
  - BlocksKit/MessageUI (2.2.5):
    - BlocksKit/Core
    - BlocksKit/DynamicDelegate
  - BlocksKit/UIKit (2.2.5):
    - BlocksKit/Core
    - BlocksKit/DynamicDelegate
  - Masonry (1.1.0)
  - MJExtension (3.0.13)
  - TestDemo (0.1.0):
    - BlocksKit
    - Masonry
    - MJExtension

DEPENDENCIES:
  - BlocksKit
  - Masonry
  - MJExtension
  - TestDemo (from `../`)

EXTERNAL SOURCES:
  TestDemo:
    :path: "../"

SPEC CHECKSUMS:
  BlocksKit: 7f422b971407001178d181a43b99014ea2591fe6
  Masonry: 678fab65091a9290e40e2832a55e7ab731aad201
  MJExtension: 5932755f451458eefa24239358817f8d291240c7
  TestDemo: cba4bbcc3e5c6671fe0ab4fcfd2c177a0cd61abe

PODFILE CHECKSUM: 0583cc192c2c6faebd0d2477f6144d28472d25f1

COCOAPODS: 1.1.1
